
Microsoft Visual Studio Solution File, Format Version 12.00
# Visual Studio Version 16
VisualStudioVersion = 16.0.29201.188
MinimumVisualStudioVersion = 10.0.40219.1
Project("{8BC9CEB8-8B4A-11D0-8D11-00A0C91BC942}") = "DataStructure", "DataStructure\DataStructure.vcxproj", "{2646B56F-7929-4773-AFBA-A5E23943096D}"
EndProject
Global
	GlobalSection(SolutionConfigurationPlatforms) = preSolution
		Debug|x64 = Debug|x64
		Debug|x86 = Debug|x86
		Release|x64 = Release|x64
		Release|x86 = Release|x86
	EndGlobalSection
	GlobalSection(ProjectConfigurationPlatforms) = postSolution
		{2646B56F-7929-4773-AFBA-A5E23943096D}.Debug|x64.ActiveCfg = Debug|x64
		{2646B56F-7929-4773-AFBA-A5E23943096D}.Debug|x64.Build.0 = Debug|x64
		{2646B56F-7929-4773-AFBA-A5E23943096D}.Debug|x86.ActiveCfg = Debug|Win32
		{2646B56F-7929-4773-AFBA-A5E23943096D}.Debug|x86.Build.0 = Debug|Win32
		{2646B56F-7929-4773-AFBA-A5E23943096D}.Release|x64.ActiveCfg = Release|x64
		{2646B56F-7929-4773-AFBA-A5E23943096D}.Release|x64.Build.0 = Release|x64
		{2646B56F-7929-4773-AFBA-A5E23943096D}.Release|x86.ActiveCfg = Release|Win32
		{2646B56F-7929-4773-AFBA-A5E23943096D}.Release|x86.Build.0 = Release|Win32
	EndGlobalSection
	GlobalSection(SolutionProperties) = preSolution
		HideSolutionNode = FALSE
	EndGlobalSection
	GlobalSection(ExtensibilityGlobals) = postSolution
		SolutionGuid = {EC189F9D-7081-4A8B-B06D-6B1E937FFEE5}
	EndGlobalSection
EndGlobal
